
Microsoft Visual Studio Solution File, Format Version 12.00
# Visual Studio Version 17
VisualStudioVersion = 17.9.34701.34
MinimumVisualStudioVersion = 10.0.40219.1
Project("{FAE04EC0-301F-11D3-BF4B-00C04F79EFBC}") = "ApiDiflenStore", "ApiDiflenStore.csproj", "{E78B3B63-143E-4FB2-8965-19CC2667D55D}"
EndProject
Global
	GlobalSection(SolutionConfigurationPlatforms) = preSolution
		Debug|Any CPU = Debug|Any CPU
		Release|Any CPU = Release|Any CPU
	EndGlobalSection
	GlobalSection(ProjectConfigurationPlatforms) = postSolution
		{E78B3B63-143E-4FB2-8965-19CC2667D55D}.Debug|Any CPU.ActiveCfg = Debug|Any CPU
		{E78B3B63-143E-4FB2-8965-19CC2667D55D}.Debug|Any CPU.Build.0 = Debug|Any CPU
		{E78B3B63-143E-4FB2-8965-19CC2667D55D}.Release|Any CPU.ActiveCfg = Release|Any CPU
		{E78B3B63-143E-4FB2-8965-19CC2667D55D}.Release|Any CPU.Build.0 = Release|Any CPU
	EndGlobalSection
	GlobalSection(SolutionProperties) = preSolution
		HideSolutionNode = FALSE
	EndGlobalSection
	GlobalSection(ExtensibilityGlobals) = postSolution
		SolutionGuid = {611AF44B-12CC-43E1-85BE-444117DE357D}
	EndGlobalSection
EndGlobal
